
Microsoft Visual Studio Solution File, Format Version 12.00
# Visual Studio 14
VisualStudioVersion = 14.0.25420.1
MinimumVisualStudioVersion = 10.0.40219.1
Project("{8BC9CEB8-8B4A-11D0-8D11-00A0C91BC942}") = "Main6603", "Main6603\Main6603.vcxproj", "{06EDA379-0C8C-4DF1-AB77-56D3806AD95E}"
EndProject
Project("{8BC9CEB8-8B4A-11D0-8D11-00A0C91BC942}") = "Main7348", "Main7348\Main7348.vcxproj", "{6FD397C6-B95D-465B-8455-6AE21C6FD45C}"
EndProject
Project("{8BC9CEB8-8B4A-11D0-8D11-00A0C91BC942}") = "Main2146", "Main2146\Main2146.vcxproj", "{8DC39F7D-29BC-4FB6-BA5C-81E2686F6E54}"
EndProject
Project("{8BC9CEB8-8B4A-11D0-8D11-00A0C91BC942}") = "Main1072", "Main1072\Main1072.vcxproj", "{2FE5536F-88B2-49D2-A918-586CEA06553A}"
EndProject
Project("{8BC9CEB8-8B4A-11D0-8D11-00A0C91BC942}") = "Main13460", "Main13460\Main13460.vcxproj", "{31E8A95E-8B1F-46E5-8B8D-6B104C0F4168}"
EndProject
Project("{8BC9CEB8-8B4A-11D0-8D11-00A0C91BC942}") = "Main9466", "Main9466\Main9466.vcxproj", "{23FE7998-0E1B-42B7-B0E1-AD8DF611D739}"
EndProject
Project("{8BC9CEB8-8B4A-11D0-8D11-00A0C91BC942}") = "Main1520", "Main1520\Main1520.vcxproj", "{278594C9-3F2A-4C64-A5FE-D6482D0DE1A1}"
EndProject
Project("{8BC9CEB8-8B4A-11D0-8D11-00A0C91BC942}") = "Main6593", "Main6593\Main6593.vcxproj", "{152FD781-1AA2-4EA9-84BD-A3ED73DCF9CD}"
EndProject
Project("{8BC9CEB8-8B4A-11D0-8D11-00A0C91BC942}") = "Main5014_스타트링크", "Main5014_스타트링크\Main5014_스타트링크.vcxproj", "{E10018F3-F215-49CF-AE1B-60308689F91A}"
EndProject
Project("{8BC9CEB8-8B4A-11D0-8D11-00A0C91BC942}") = "Main2668_숫자고르기", "Main2668_숫자고르기\Main2668_숫자고르기.vcxproj", "{15D66F3E-8A0C-4580-BC51-2D436E3AFE8E}"
EndProject
Global
	GlobalSection(SolutionConfigurationPlatforms) = preSolution
		Debug|x64 = Debug|x64
		Debug|x86 = Debug|x86
		Release|x64 = Release|x64
		Release|x86 = Release|x86
	EndGlobalSection
	GlobalSection(ProjectConfigurationPlatforms) = postSolution
		{06EDA379-0C8C-4DF1-AB77-56D3806AD95E}.Debug|x64.ActiveCfg = Debug|x64
		{06EDA379-0C8C-4DF1-AB77-56D3806AD95E}.Debug|x64.Build.0 = Debug|x64
		{06EDA379-0C8C-4DF1-AB77-56D3806AD95E}.Debug|x86.ActiveCfg = Debug|Win32
		{06EDA379-0C8C-4DF1-AB77-56D3806AD95E}.Debug|x86.Build.0 = Debug|Win32
		{06EDA379-0C8C-4DF1-AB77-56D3806AD95E}.Release|x64.ActiveCfg = Release|x64
		{06EDA379-0C8C-4DF1-AB77-56D3806AD95E}.Release|x64.Build.0 = Release|x64
		{06EDA379-0C8C-4DF1-AB77-56D3806AD95E}.Release|x86.ActiveCfg = Release|Win32
		{06EDA379-0C8C-4DF1-AB77-56D3806AD95E}.Release|x86.Build.0 = Release|Win32
		{6FD397C6-B95D-465B-8455-6AE21C6FD45C}.Debug|x64.ActiveCfg = Debug|x64
		{6FD397C6-B95D-465B-8455-6AE21C6FD45C}.Debug|x64.Build.0 = Debug|x64
		{6FD397C6-B95D-465B-8455-6AE21C6FD45C}.Debug|x86.ActiveCfg = Debug|Win32
		{6FD397C6-B95D-465B-8455-6AE21C6FD45C}.Debug|x86.Build.0 = Debug|Win32
		{6FD397C6-B95D-465B-8455-6AE21C6FD45C}.Release|x64.ActiveCfg = Release|x64
		{6FD397C6-B95D-465B-8455-6AE21C6FD45C}.Release|x64.Build.0 = Release|x64
		{6FD397C6-B95D-465B-8455-6AE21C6FD45C}.Release|x86.ActiveCfg = Release|Win32
		{6FD397C6-B95D-465B-8455-6AE21C6FD45C}.Release|x86.Build.0 = Release|Win32
		{8DC39F7D-29BC-4FB6-BA5C-81E2686F6E54}.Debug|x64.ActiveCfg = Debug|x64
		{8DC39F7D-29BC-4FB6-BA5C-81E2686F6E54}.Debug|x64.Build.0 = Debug|x64
		{8DC39F7D-29BC-4FB6-BA5C-81E2686F6E54}.Debug|x86.ActiveCfg = Debug|Win32
		{8DC39F7D-29BC-4FB6-BA5C-81E2686F6E54}.Debug|x86.Build.0 = Debug|Win32
		{8DC39F7D-29BC-4FB6-BA5C-81E2686F6E54}.Release|x64.ActiveCfg = Release|x64
		{8DC39F7D-29BC-4FB6-BA5C-81E2686F6E54}.Release|x64.Build.0 = Release|x64
		{8DC39F7D-29BC-4FB6-BA5C-81E2686F6E54}.Release|x86.ActiveCfg = Release|Win32
		{8DC39F7D-29BC-4FB6-BA5C-81E2686F6E54}.Release|x86.Build.0 = Release|Win32
		{2FE5536F-88B2-49D2-A918-586CEA06553A}.Debug|x64.ActiveCfg = Debug|x64
		{2FE5536F-88B2-49D2-A918-586CEA06553A}.Debug|x64.Build.0 = Debug|x64
		{2FE5536F-88B2-49D2-A918-586CEA06553A}.Debug|x86.ActiveCfg = Debug|Win32
		{2FE5536F-88B2-49D2-A918-586CEA06553A}.Debug|x86.Build.0 = Debug|Win32
		{2FE5536F-88B2-49D2-A918-586CEA06553A}.Release|x64.ActiveCfg = Release|x64
		{2FE5536F-88B2-49D2-A918-586CEA06553A}.Release|x64.Build.0 = Release|x64
		{2FE5536F-88B2-49D2-A918-586CEA06553A}.Release|x86.ActiveCfg = Release|Win32
		{2FE5536F-88B2-49D2-A918-586CEA06553A}.Release|x86.Build.0 = Release|Win32
		{31E8A95E-8B1F-46E5-8B8D-6B104C0F4168}.Debug|x64.ActiveCfg = Debug|x64
		{31E8A95E-8B1F-46E5-8B8D-6B104C0F4168}.Debug|x64.Build.0 = Debug|x64
		{31E8A95E-8B1F-46E5-8B8D-6B104C0F4168}.Debug|x86.ActiveCfg = Debug|Win32
		{31E8A95E-8B1F-46E5-8B8D-6B104C0F4168}.Debug|x86.Build.0 = Debug|Win32
		{31E8A95E-8B1F-46E5-8B8D-6B104C0F4168}.Release|x64.ActiveCfg = Release|x64
		{31E8A95E-8B1F-46E5-8B8D-6B104C0F4168}.Release|x64.Build.0 = Release|x64
		{31E8A95E-8B1F-46E5-8B8D-6B104C0F4168}.Release|x86.ActiveCfg = Release|Win32
		{31E8A95E-8B1F-46E5-8B8D-6B104C0F4168}.Release|x86.Build.0 = Release|Win32
		{23FE7998-0E1B-42B7-B0E1-AD8DF611D739}.Debug|x64.ActiveCfg = Debug|x64
		{23FE7998-0E1B-42B7-B0E1-AD8DF611D739}.Debug|x64.Build.0 = Debug|x64
		{23FE7998-0E1B-42B7-B0E1-AD8DF611D739}.Debug|x86.ActiveCfg = Debug|Win32
		{23FE7998-0E1B-42B7-B0E1-AD8DF611D739}.Debug|x86.Build.0 = Debug|Win32
		{23FE7998-0E1B-42B7-B0E1-AD8DF611D739}.Release|x64.ActiveCfg = Release|x64
		{23FE7998-0E1B-42B7-B0E1-AD8DF611D739}.Release|x64.Build.0 = Release|x64
		{23FE7998-0E1B-42B7-B0E1-AD8DF611D739}.Release|x86.ActiveCfg = Release|Win32
		{23FE7998-0E1B-42B7-B0E1-AD8DF611D739}.Release|x86.Build.0 = Release|Win32
		{278594C9-3F2A-4C64-A5FE-D6482D0DE1A1}.Debug|x64.ActiveCfg = Debug|x64
		{278594C9-3F2A-4C64-A5FE-D6482D0DE1A1}.Debug|x64.Build.0 = Debug|x64
		{278594C9-3F2A-4C64-A5FE-D6482D0DE1A1}.Debug|x86.ActiveCfg = Debug|Win32
		{278594C9-3F2A-4C64-A5FE-D6482D0DE1A1}.Debug|x86.Build.0 = Debug|Win32
		{278594C9-3F2A-4C64-A5FE-D6482D0DE1A1}.Release|x64.ActiveCfg = Release|x64
		{278594C9-3F2A-4C64-A5FE-D6482D0DE1A1}.Release|x64.Build.0 = Release|x64
		{278594C9-3F2A-4C64-A5FE-D6482D0DE1A1}.Release|x86.ActiveCfg = Release|Win32
		{278594C9-3F2A-4C64-A5FE-D6482D0DE1A1}.Release|x86.Build.0 = Release|Win32
		{152FD781-1AA2-4EA9-84BD-A3ED73DCF9CD}.Debug|x64.ActiveCfg = Debug|x64
		{152FD781-1AA2-4EA9-84BD-A3ED73DCF9CD}.Debug|x64.Build.0 = Debug|x64
		{152FD781-1AA2-4EA9-84BD-A3ED73DCF9CD}.Debug|x86.ActiveCfg = Debug|Win32
		{152FD781-1AA2-4EA9-84BD-A3ED73DCF9CD}.Debug|x86.Build.0 = Debug|Win32
		{152FD781-1AA2-4EA9-84BD-A3ED73DCF9CD}.Release|x64.ActiveCfg = Release|x64
		{152FD781-1AA2-4EA9-84BD-A3ED73DCF9CD}.Release|x64.Build.0 = Release|x64
		{152FD781-1AA2-4EA9-84BD-A3ED73DCF9CD}.Release|x86.ActiveCfg = Release|Win32
		{152FD781-1AA2-4EA9-84BD-A3ED73DCF9CD}.Release|x86.Build.0 = Release|Win32
		{E10018F3-F215-49CF-AE1B-60308689F91A}.Debug|x64.ActiveCfg = Debug|x64
		{E10018F3-F215-49CF-AE1B-60308689F91A}.Debug|x64.Build.0 = Debug|x64
		{E10018F3-F215-49CF-AE1B-60308689F91A}.Debug|x86.ActiveCfg = Debug|Win32
		{E10018F3-F215-49CF-AE1B-60308689F91A}.Debug|x86.Build.0 = Debug|Win32
		{E10018F3-F215-49CF-AE1B-60308689F91A}.Release|x64.ActiveCfg = Release|x64
		{E10018F3-F215-49CF-AE1B-60308689F91A}.Release|x64.Build.0 = Release|x64
		{E10018F3-F215-49CF-AE1B-60308689F91A}.Release|x86.ActiveCfg = Release|Win32
		{E10018F3-F215-49CF-AE1B-60308689F91A}.Release|x86.Build.0 = Release|Win32
		{15D66F3E-8A0C-4580-BC51-2D436E3AFE8E}.Debug|x64.ActiveCfg = Debug|x64
		{15D66F3E-8A0C-4580-BC51-2D436E3AFE8E}.Debug|x64.Build.0 = Debug|x64
		{15D66F3E-8A0C-4580-BC51-2D436E3AFE8E}.Debug|x86.ActiveCfg = Debug|Win32
		{15D66F3E-8A0C-4580-BC51-2D436E3AFE8E}.Debug|x86.Build.0 = Debug|Win32
		{15D66F3E-8A0C-4580-BC51-2D436E3AFE8E}.Release|x64.ActiveCfg = Release|x64
		{15D66F3E-8A0C-4580-BC51-2D436E3AFE8E}.Release|x64.Build.0 = Release|x64
		{15D66F3E-8A0C-4580-BC51-2D436E3AFE8E}.Release|x86.ActiveCfg = Release|Win32
		{15D66F3E-8A0C-4580-BC51-2D436E3AFE8E}.Release|x86.Build.0 = Release|Win32
	EndGlobalSection
	GlobalSection(SolutionProperties) = preSolution
		HideSolutionNode = FALSE
	EndGlobalSection
EndGlobal
